{
  "version": 4,
  "terraform_version": "1.1.6",
  "serial": 16,
  "lineage": "8108d0d6-5f5f-5347-d0e3-a3984d6e5c8d",
  "outputs": {},
  "resources": [
    {
      "mode": "managed",
      "type": "azurerm_linux_virtual_machine",
      "name": "example",
      "provider": "provider[\"registry.terraform.io/hashicorp/azurerm\"]",
      "instances": [
        {
          "schema_version": 0,
          "attributes": {
            "additional_capabilities": [],
            "admin_password": null,
            "admin_ssh_key": [
              {
                "public_key": "ssh-rsa AAAAB3NzaC1yc2EAAAADAQABAAABgQCrO75RWlxpAey49u04esZp92cHrt+clo1K9UP1RCzZbaeWIkT4C8eIYfGEkVOHg5MSZ+4nbqO+717IbK10eWoOJRHNb5w4HaOJs42v+Q7aSbnh1urtzeX35cR/k7UzsiByA/XeYT80c1Ttn8G0FND4sQSSylAToXrXHp23NAU9aBArSNrtg3hETs6l25TEcogDt+OW4FKmCwFAj9yasw2keYkFqSZrxVa252UiX7GdgXromUXEAP2kXJjPeL7kzYbZj7Abb7huiEVtNdL17N7e0sIo4KVeWMgwWdbLWE4lrXvHVQgKmfyenfWKlTyvaf5QB067RdRpf0fldrxc/p7AYOhiCF/H0uk+ZxcdeWTtauXcUfOF4OvqlR1uYoQ7LtTFQUD/D7C1purGcnzOh3oF26smFLBwjNx5zu6UF2DWooSy0TFfHI+bTLsHu1CWOYLQTk7ijKtfhV+gwYVBc6G/6f7Ac5OiTvAJk8RPMW9I9SXNYq3bUSVSBEoGoDKnink= Mason@DESKTOP-40MCQSJ\n",
                "username": "adminuser"
              }
            ],
            "admin_username": "adminuser",
            "allow_extension_operations": true,
            "availability_set_id": "",
            "boot_diagnostics": [],
            "computer_name": "example-machine2",
            "custom_data": null,
            "dedicated_host_group_id": "",
            "dedicated_host_id": "",
            "disable_password_authentication": true,
            "encryption_at_host_enabled": false,
            "eviction_policy": "",
            "extensions_time_budget": "PT1H30M",
            "id": "/subscriptions/03bc5528-917d-4cac-8b84-de45c1703aa6/resourceGroups/new-project-rg/providers/Microsoft.Compute/virtualMachines/example-machine2",
            "identity": [],
            "license_type": "",
            "location": "westus2",
            "max_bid_price": -1,
            "name": "example-machine2",
            "network_interface_ids": [
              "/subscriptions/03bc5528-917d-4cac-8b84-de45c1703aa6/resourceGroups/new-project-rg/providers/Microsoft.Network/networkInterfaces/example-nic"
            ],
            "os_disk": [
              {
                "caching": "ReadWrite",
                "diff_disk_settings": [],
                "disk_encryption_set_id": "",
                "disk_size_gb": 30,
                "name": "example-machine2_OsDisk_1_145a2434df534cbdb4555479784eeece",
                "storage_account_type": "Standard_LRS",
                "write_accelerator_enabled": false
              }
            ],
            "patch_mode": "ImageDefault",
            "plan": [],
            "platform_fault_domain": -1,
            "priority": "Regular",
            "private_ip_address": "10.0.2.4",
            "private_ip_addresses": [
              "10.0.2.4"
            ],
            "provision_vm_agent": true,
            "proximity_placement_group_id": "",
            "public_ip_address": "",
            "public_ip_addresses": [],
            "resource_group_name": "new-project-rg",
            "secret": [],
            "secure_boot_enabled": false,
            "size": "Standard_B1s",
            "source_image_id": "",
            "source_image_reference": [
              {
                "offer": "UbuntuServer",
                "publisher": "Canonical",
                "sku": "16.04-LTS",
                "version": "latest"
              }
            ],
            "tags": {},
            "timeouts": null,
            "user_data": "",
            "virtual_machine_id": "79cc537d-62d8-4f86-bc0d-0a26b3ab6952",
            "virtual_machine_scale_set_id": "",
            "vtpm_enabled": false,
            "zone": ""
          },
          "sensitive_attributes": [],
          "private": "eyJlMmJmYjczMC1lY2FhLTExZTYtOGY4OC0zNDM2M2JjN2M0YzAiOnsiY3JlYXRlIjoyNzAwMDAwMDAwMDAwLCJkZWxldGUiOjI3MDAwMDAwMDAwMDAsInJlYWQiOjMwMDAwMDAwMDAwMCwidXBkYXRlIjoyNzAwMDAwMDAwMDAwfX0=",
          "dependencies": [
            "azurerm_network_interface.example",
            "azurerm_resource_group.example",
            "azurerm_subnet.example",
            "azurerm_virtual_network.example"
          ]
        }
      ]
    },
    {
      "mode": "managed",
      "type": "azurerm_network_interface",
      "name": "example",
      "provider": "provider[\"registry.terraform.io/hashicorp/azurerm\"]",
      "instances": [
        {
          "schema_version": 0,
          "attributes": {
            "applied_dns_servers": [],
            "dns_servers": [],
            "enable_accelerated_networking": false,
            "enable_ip_forwarding": false,
            "id": "/subscriptions/03bc5528-917d-4cac-8b84-de45c1703aa6/resourceGroups/new-project-rg/providers/Microsoft.Network/networkInterfaces/example-nic",
            "internal_dns_name_label": "",
            "internal_domain_name_suffix": "bufgs4ufqysudesrhfezwt4lwa.xx.internal.cloudapp.net",
            "ip_configuration": [
              {
                "gateway_load_balancer_frontend_ip_configuration_id": "",
                "name": "internal",
                "primary": true,
                "private_ip_address": "10.0.2.4",
                "private_ip_address_allocation": "Dynamic",
                "private_ip_address_version": "IPv4",
                "public_ip_address_id": "",
                "subnet_id": "/subscriptions/03bc5528-917d-4cac-8b84-de45c1703aa6/resourceGroups/new-project-rg/providers/Microsoft.Network/virtualNetworks/example-network/subnets/internal"
              }
            ],
            "location": "westus2",
            "mac_address": "00-0D-3A-F9-39-E1",
            "name": "example-nic",
            "private_ip_address": "10.0.2.4",
            "private_ip_addresses": [
              "10.0.2.4"
            ],
            "resource_group_name": "new-project-rg",
            "tags": {},
            "timeouts": null,
            "virtual_machine_id": "/subscriptions/03bc5528-917d-4cac-8b84-de45c1703aa6/resourceGroups/new-project-rg/providers/Microsoft.Compute/virtualMachines/example-machine2"
          },
          "sensitive_attributes": [],
          "private": "eyJlMmJmYjczMC1lY2FhLTExZTYtOGY4OC0zNDM2M2JjN2M0YzAiOnsiY3JlYXRlIjoxODAwMDAwMDAwMDAwLCJkZWxldGUiOjE4MDAwMDAwMDAwMDAsInJlYWQiOjMwMDAwMDAwMDAwMCwidXBkYXRlIjoxODAwMDAwMDAwMDAwfX0=",
          "dependencies": [
            "azurerm_resource_group.example",
            "azurerm_subnet.example",
            "azurerm_virtual_network.example"
          ]
        }
      ]
    },
    {
      "mode": "managed",
      "type": "azurerm_network_interface_security_group_association",
      "name": "example",
      "provider": "provider[\"registry.terraform.io/hashicorp/azurerm\"]",
      "instances": [
        {
          "schema_version": 0,
          "attributes": {
            "id": "/subscriptions/03bc5528-917d-4cac-8b84-de45c1703aa6/resourceGroups/new-project-rg/providers/Microsoft.Network/networkInterfaces/example-nic|/subscriptions/03bc5528-917d-4cac-8b84-de45c1703aa6/resourceGroups/new-project-rg/providers/Microsoft.Network/networkSecurityGroups/acceptanceTestSecurityGroup1",
            "network_interface_id": "/subscriptions/03bc5528-917d-4cac-8b84-de45c1703aa6/resourceGroups/new-project-rg/providers/Microsoft.Network/networkInterfaces/example-nic",
            "network_security_group_id": "/subscriptions/03bc5528-917d-4cac-8b84-de45c1703aa6/resourceGroups/new-project-rg/providers/Microsoft.Network/networkSecurityGroups/acceptanceTestSecurityGroup1",
            "timeouts": null
          },
          "sensitive_attributes": [],
          "private": "eyJlMmJmYjczMC1lY2FhLTExZTYtOGY4OC0zNDM2M2JjN2M0YzAiOnsiY3JlYXRlIjoxODAwMDAwMDAwMDAwLCJkZWxldGUiOjE4MDAwMDAwMDAwMDAsInJlYWQiOjMwMDAwMDAwMDAwMCwidXBkYXRlIjoxODAwMDAwMDAwMDAwfX0=",
          "dependencies": [
            "azurerm_network_interface.example",
            "azurerm_network_security_group.example"
          ]
        }
      ]
    },
    {
      "mode": "managed",
      "type": "azurerm_network_security_group",
      "name": "example",
      "provider": "provider[\"registry.terraform.io/hashicorp/azurerm\"]",
      "instances": [
        {
          "schema_version": 0,
          "attributes": {
            "id": "/subscriptions/03bc5528-917d-4cac-8b84-de45c1703aa6/resourceGroups/new-project-rg/providers/Microsoft.Network/networkSecurityGroups/acceptanceTestSecurityGroup1",
            "location": "westus2",
            "name": "acceptanceTestSecurityGroup1",
            "resource_group_name": "new-project-rg",
            "security_rule": [
              {
                "access": "Allow",
                "description": "",
                "destination_address_prefix": "*",
                "destination_address_prefixes": [],
                "destination_application_security_group_ids": [],
                "destination_port_range": "22",
                "destination_port_ranges": [],
                "direction": "Inbound",
                "name": "ssh",
                "priority": 100,
                "protocol": "Tcp",
                "source_address_prefix": "136.37.125.36",
                "source_address_prefixes": [],
                "source_application_security_group_ids": [],
                "source_port_range": "*",
                "source_port_ranges": []
              },
              {
                "access": "Allow",
                "description": "",
                "destination_address_prefix": "*",
                "destination_address_prefixes": [],
                "destination_application_security_group_ids": [],
                "destination_port_range": "443",
                "destination_port_ranges": [],
                "direction": "Inbound",
                "name": "HTTPS",
                "priority": 110,
                "protocol": "Tcp",
                "source_address_prefix": "*",
                "source_address_prefixes": [],
                "source_application_security_group_ids": [],
                "source_port_range": "*",
                "source_port_ranges": []
              },
              {
                "access": "Allow",
                "description": "",
                "destination_address_prefix": "*",
                "destination_address_prefixes": [],
                "destination_application_security_group_ids": [],
                "destination_port_range": "80",
                "destination_port_ranges": [],
                "direction": "Inbound",
                "name": "HTTP",
                "priority": 120,
                "protocol": "Tcp",
                "source_address_prefix": "*",
                "source_address_prefixes": [],
                "source_application_security_group_ids": [],
                "source_port_range": "*",
                "source_port_ranges": []
              },
              {
                "access": "Deny",
                "description": "",
                "destination_address_prefix": "*",
                "destination_address_prefixes": [],
                "destination_application_security_group_ids": [],
                "destination_port_range": "*",
                "destination_port_ranges": [],
                "direction": "Inbound",
                "name": "DenyAll",
                "priority": 4096,
                "protocol": "Tcp",
                "source_address_prefix": "*",
                "source_address_prefixes": [],
                "source_application_security_group_ids": [],
                "source_port_range": "*",
                "source_port_ranges": []
              }
            ],
            "tags": {
              "environment": "Production"
            },
            "timeouts": null
          },
          "sensitive_attributes": [],
          "private": "eyJlMmJmYjczMC1lY2FhLTExZTYtOGY4OC0zNDM2M2JjN2M0YzAiOnsiY3JlYXRlIjoxODAwMDAwMDAwMDAwLCJkZWxldGUiOjE4MDAwMDAwMDAwMDAsInJlYWQiOjMwMDAwMDAwMDAwMCwidXBkYXRlIjoxODAwMDAwMDAwMDAwfX0=",
          "dependencies": [
            "azurerm_resource_group.example"
          ]
        }
      ]
    },
    {
      "mode": "managed",
      "type": "azurerm_resource_group",
      "name": "example",
      "provider": "provider[\"registry.terraform.io/hashicorp/azurerm\"]",
      "instances": [
        {
          "schema_version": 0,
          "attributes": {
            "id": "/subscriptions/03bc5528-917d-4cac-8b84-de45c1703aa6/resourceGroups/new-project-rg",
            "location": "westus2",
            "name": "new-project-rg",
            "tags": {},
            "timeouts": null
          },
          "sensitive_attributes": [],
          "private": "eyJlMmJmYjczMC1lY2FhLTExZTYtOGY4OC0zNDM2M2JjN2M0YzAiOnsiY3JlYXRlIjo1NDAwMDAwMDAwMDAwLCJkZWxldGUiOjU0MDAwMDAwMDAwMDAsInJlYWQiOjMwMDAwMDAwMDAwMCwidXBkYXRlIjo1NDAwMDAwMDAwMDAwfX0="
        }
      ]
    },
    {
      "mode": "managed",
      "type": "azurerm_subnet",
      "name": "example",
      "provider": "provider[\"registry.terraform.io/hashicorp/azurerm\"]",
      "instances": [
        {
          "schema_version": 0,
          "attributes": {
            "address_prefix": "10.0.2.0/24",
            "address_prefixes": [
              "10.0.2.0/24"
            ],
            "delegation": [],
            "enforce_private_link_endpoint_network_policies": false,
            "enforce_private_link_service_network_policies": false,
            "id": "/subscriptions/03bc5528-917d-4cac-8b84-de45c1703aa6/resourceGroups/new-project-rg/providers/Microsoft.Network/virtualNetworks/example-network/subnets/internal",
            "name": "internal",
            "resource_group_name": "new-project-rg",
            "service_endpoint_policy_ids": [],
            "service_endpoints": [],
            "timeouts": null,
            "virtual_network_name": "example-network"
          },
          "sensitive_attributes": [],
          "private": "eyJlMmJmYjczMC1lY2FhLTExZTYtOGY4OC0zNDM2M2JjN2M0YzAiOnsiY3JlYXRlIjoxODAwMDAwMDAwMDAwLCJkZWxldGUiOjE4MDAwMDAwMDAwMDAsInJlYWQiOjMwMDAwMDAwMDAwMCwidXBkYXRlIjoxODAwMDAwMDAwMDAwfX0=",
          "dependencies": [
            "azurerm_resource_group.example",
            "azurerm_virtual_network.example"
          ]
        }
      ]
    },
    {
      "mode": "managed",
      "type": "azurerm_virtual_network",
      "name": "example",
      "provider": "provider[\"registry.terraform.io/hashicorp/azurerm\"]",
      "instances": [
        {
          "schema_version": 0,
          "attributes": {
            "address_space": [
              "10.0.0.0/16"
            ],
            "bgp_community": "",
            "ddos_protection_plan": [],
            "dns_servers": [],
            "flow_timeout_in_minutes": 0,
            "guid": "7a690a0d-8685-4125-9251-39499b4fcbb0",
            "id": "/subscriptions/03bc5528-917d-4cac-8b84-de45c1703aa6/resourceGroups/new-project-rg/providers/Microsoft.Network/virtualNetworks/example-network",
            "location": "westus2",
            "name": "example-network",
            "resource_group_name": "new-project-rg",
            "subnet": [
              {
                "address_prefix": "10.0.2.0/24",
                "id": "/subscriptions/03bc5528-917d-4cac-8b84-de45c1703aa6/resourceGroups/new-project-rg/providers/Microsoft.Network/virtualNetworks/example-network/subnets/internal",
                "name": "internal",
                "security_group": ""
              }
            ],
            "tags": {},
            "timeouts": null,
            "vm_protection_enabled": false
          },
          "sensitive_attributes": [],
          "private": "eyJlMmJmYjczMC1lY2FhLTExZTYtOGY4OC0zNDM2M2JjN2M0YzAiOnsiY3JlYXRlIjoxODAwMDAwMDAwMDAwLCJkZWxldGUiOjE4MDAwMDAwMDAwMDAsInJlYWQiOjMwMDAwMDAwMDAwMCwidXBkYXRlIjoxODAwMDAwMDAwMDAwfX0=",
          "dependencies": [
            "azurerm_resource_group.example"
          ]
        }
      ]
    }
  ]
}
